
Microsoft Visual Studio Solution File, Format Version 12.00
# Visual Studio Version 17
VisualStudioVersion = 17.14.36705.20
MinimumVisualStudioVersion = 10.0.40219.1
Project("{FAE04EC0-301F-11D3-BF4B-00C04F79EFBC}") = "IronGate.Cli", "src\IronGate.Cli\IronGate.Cli.csproj", "{4F413FB5-CC81-4056-AEA3-F399F96363C9}"
EndProject
Project("{FAE04EC0-301F-11D3-BF4B-00C04F79EFBC}") = "IronGate.Core", "src\IronGate.Core\IronGate.Core.csproj", "{21A44908-10DA-4B67-9820-4E2E3FB507A6}"
EndProject
Project("{FAE04EC0-301F-11D3-BF4B-00C04F79EFBC}") = "IronGate.Api", "src\IronGate.Api\IronGate.Api.csproj", "{CC5CA2AD-1E36-441D-888A-ED34E74137DA}"
EndProject
Project("{2150E333-8FDC-42A3-9474-1A3956D46DE8}") = "Solution Items", "Solution Items", "{8EC462FD-D22E-90A8-E5CE-7E832BA40C5D}"
	ProjectSection(SolutionItems) = preProject
		docs\git-workflow.md = docs\git-workflow.md
		docs\README.md = docs\README.md
		docs\מטלה תכנותית - קורס 20940.pdf = docs\מטלה תכנותית - קורס 20940.pdf
	EndProjectSection
EndProject
Project("{E53339B2-1760-4266-BCC7-CA923CBCF16C}") = "docker-compose", "docker-compose.dcproj", "{81DDED9D-158B-E303-5F62-77A2896D2A5A}"
EndProject
Global
	GlobalSection(SolutionConfigurationPlatforms) = preSolution
		Debug|Any CPU = Debug|Any CPU
		Release|Any CPU = Release|Any CPU
	EndGlobalSection
	GlobalSection(ProjectConfigurationPlatforms) = postSolution
		{4F413FB5-CC81-4056-AEA3-F399F96363C9}.Debug|Any CPU.ActiveCfg = Debug|Any CPU
		{4F413FB5-CC81-4056-AEA3-F399F96363C9}.Debug|Any CPU.Build.0 = Debug|Any CPU
		{4F413FB5-CC81-4056-AEA3-F399F96363C9}.Release|Any CPU.ActiveCfg = Release|Any CPU
		{4F413FB5-CC81-4056-AEA3-F399F96363C9}.Release|Any CPU.Build.0 = Release|Any CPU
		{21A44908-10DA-4B67-9820-4E2E3FB507A6}.Debug|Any CPU.ActiveCfg = Debug|Any CPU
		{21A44908-10DA-4B67-9820-4E2E3FB507A6}.Debug|Any CPU.Build.0 = Debug|Any CPU
		{21A44908-10DA-4B67-9820-4E2E3FB507A6}.Release|Any CPU.ActiveCfg = Release|Any CPU
		{21A44908-10DA-4B67-9820-4E2E3FB507A6}.Release|Any CPU.Build.0 = Release|Any CPU
		{CC5CA2AD-1E36-441D-888A-ED34E74137DA}.Debug|Any CPU.ActiveCfg = Debug|Any CPU
		{CC5CA2AD-1E36-441D-888A-ED34E74137DA}.Debug|Any CPU.Build.0 = Debug|Any CPU
		{CC5CA2AD-1E36-441D-888A-ED34E74137DA}.Release|Any CPU.ActiveCfg = Release|Any CPU
		{CC5CA2AD-1E36-441D-888A-ED34E74137DA}.Release|Any CPU.Build.0 = Release|Any CPU
		{81DDED9D-158B-E303-5F62-77A2896D2A5A}.Debug|Any CPU.ActiveCfg = Debug|Any CPU
		{81DDED9D-158B-E303-5F62-77A2896D2A5A}.Debug|Any CPU.Build.0 = Debug|Any CPU
		{81DDED9D-158B-E303-5F62-77A2896D2A5A}.Release|Any CPU.ActiveCfg = Release|Any CPU
		{81DDED9D-158B-E303-5F62-77A2896D2A5A}.Release|Any CPU.Build.0 = Release|Any CPU
	EndGlobalSection
	GlobalSection(SolutionProperties) = preSolution
		HideSolutionNode = FALSE
	EndGlobalSection
	GlobalSection(ExtensibilityGlobals) = postSolution
		SolutionGuid = {C082C192-BFEE-4E4D-A487-9C7E16E98C49}
	EndGlobalSection
EndGlobal
